
Microsoft Visual Studio Solution File, Format Version 12.00
# Visual Studio Version 17
VisualStudioVersion = 17.9.34701.34
MinimumVisualStudioVersion = 10.0.40219.1
Project("{8BC9CEB8-8B4A-11D0-8D11-00A0C91BC942}") = "41.practice_c_DS_heap_2025_12_18", "41.practice_c_DS_heap_2025_12_18\41.practice_c_DS_heap_2025_12_18.vcxproj", "{22A43D7E-1BBA-4A47-BD0E-169F954A95F8}"
EndProject
Global
	GlobalSection(SolutionConfigurationPlatforms) = preSolution
		Debug|x64 = Debug|x64
		Debug|x86 = Debug|x86
		Release|x64 = Release|x64
		Release|x86 = Release|x86
	EndGlobalSection
	GlobalSection(ProjectConfigurationPlatforms) = postSolution
		{22A43D7E-1BBA-4A47-BD0E-169F954A95F8}.Debug|x64.ActiveCfg = Debug|x64
		{22A43D7E-1BBA-4A47-BD0E-169F954A95F8}.Debug|x64.Build.0 = Debug|x64
		{22A43D7E-1BBA-4A47-BD0E-169F954A95F8}.Debug|x86.ActiveCfg = Debug|Win32
		{22A43D7E-1BBA-4A47-BD0E-169F954A95F8}.Debug|x86.Build.0 = Debug|Win32
		{22A43D7E-1BBA-4A47-BD0E-169F954A95F8}.Release|x64.ActiveCfg = Release|x64
		{22A43D7E-1BBA-4A47-BD0E-169F954A95F8}.Release|x64.Build.0 = Release|x64
		{22A43D7E-1BBA-4A47-BD0E-169F954A95F8}.Release|x86.ActiveCfg = Release|Win32
		{22A43D7E-1BBA-4A47-BD0E-169F954A95F8}.Release|x86.Build.0 = Release|Win32
	EndGlobalSection
	GlobalSection(SolutionProperties) = preSolution
		HideSolutionNode = FALSE
	EndGlobalSection
	GlobalSection(ExtensibilityGlobals) = postSolution
		SolutionGuid = {1CA6C3E3-6E2A-41BE-AC6C-A1D09C669674}
	EndGlobalSection
EndGlobal
