
Microsoft Visual Studio Solution File, Format Version 12.00
# Visual Studio Version 17
VisualStudioVersion = 17.9.34701.34
MinimumVisualStudioVersion = 10.0.40219.1
Project("{8BC9CEB8-8B4A-11D0-8D11-00A0C91BC942}") = "28.practice_c_DS_2025_11_10", "28.practice_c_DS_2025_11_10\28.practice_c_DS_2025_11_10.vcxproj", "{C27CFF9F-38D3-4860-A30D-B1ED41CFF0BA}"
EndProject
Global
	GlobalSection(SolutionConfigurationPlatforms) = preSolution
		Debug|x64 = Debug|x64
		Debug|x86 = Debug|x86
		Release|x64 = Release|x64
		Release|x86 = Release|x86
	EndGlobalSection
	GlobalSection(ProjectConfigurationPlatforms) = postSolution
		{C27CFF9F-38D3-4860-A30D-B1ED41CFF0BA}.Debug|x64.ActiveCfg = Debug|x64
		{C27CFF9F-38D3-4860-A30D-B1ED41CFF0BA}.Debug|x64.Build.0 = Debug|x64
		{C27CFF9F-38D3-4860-A30D-B1ED41CFF0BA}.Debug|x86.ActiveCfg = Debug|Win32
		{C27CFF9F-38D3-4860-A30D-B1ED41CFF0BA}.Debug|x86.Build.0 = Debug|Win32
		{C27CFF9F-38D3-4860-A30D-B1ED41CFF0BA}.Release|x64.ActiveCfg = Release|x64
		{C27CFF9F-38D3-4860-A30D-B1ED41CFF0BA}.Release|x64.Build.0 = Release|x64
		{C27CFF9F-38D3-4860-A30D-B1ED41CFF0BA}.Release|x86.ActiveCfg = Release|Win32
		{C27CFF9F-38D3-4860-A30D-B1ED41CFF0BA}.Release|x86.Build.0 = Release|Win32
	EndGlobalSection
	GlobalSection(SolutionProperties) = preSolution
		HideSolutionNode = FALSE
	EndGlobalSection
	GlobalSection(ExtensibilityGlobals) = postSolution
		SolutionGuid = {D74D6C44-04EA-4293-AAFF-653B4CCB36F8}
	EndGlobalSection
EndGlobal
